
Microsoft Visual Studio Solution File, Format Version 12.00
# Visual Studio 15
VisualStudioVersion = 15.0.28306.52
MinimumVisualStudioVersion = 10.0.40219.1
Project("{9A19103F-16F7-4668-BE54-9A1E7A4F7556}") = "Huiswerk4", "Huiswerk4\Huiswerk4.csproj", "{0DA895E4-5F06-420B-ABA3-264124272D2C}"
EndProject
Project("{FAE04EC0-301F-11D3-BF4B-00C04F79EFBC}") = "Tests", "Tests\Tests.csproj", "{6C40488E-64B6-4B42-B273-50199FFEE2C8}"
EndProject
Global
	GlobalSection(SolutionConfigurationPlatforms) = preSolution
		Debug|Any CPU = Debug|Any CPU
		Release|Any CPU = Release|Any CPU
	EndGlobalSection
	GlobalSection(ProjectConfigurationPlatforms) = postSolution
		{0DA895E4-5F06-420B-ABA3-264124272D2C}.Debug|Any CPU.ActiveCfg = Debug|Any CPU
		{0DA895E4-5F06-420B-ABA3-264124272D2C}.Debug|Any CPU.Build.0 = Debug|Any CPU
		{0DA895E4-5F06-420B-ABA3-264124272D2C}.Release|Any CPU.ActiveCfg = Release|Any CPU
		{0DA895E4-5F06-420B-ABA3-264124272D2C}.Release|Any CPU.Build.0 = Release|Any CPU
		{6C40488E-64B6-4B42-B273-50199FFEE2C8}.Debug|Any CPU.ActiveCfg = Debug|Any CPU
		{6C40488E-64B6-4B42-B273-50199FFEE2C8}.Debug|Any CPU.Build.0 = Debug|Any CPU
		{6C40488E-64B6-4B42-B273-50199FFEE2C8}.Release|Any CPU.ActiveCfg = Release|Any CPU
		{6C40488E-64B6-4B42-B273-50199FFEE2C8}.Release|Any CPU.Build.0 = Release|Any CPU
	EndGlobalSection
	GlobalSection(SolutionProperties) = preSolution
		HideSolutionNode = FALSE
	EndGlobalSection
	GlobalSection(ExtensibilityGlobals) = postSolution
		SolutionGuid = {099D49AC-E6AC-4B0F-A26F-8E3F9584B5BD}
	EndGlobalSection
EndGlobal
